version = 1
revision = 3
requires-python = ">=3.14"

[[package]]
name = "colorama"
version = "0.4.6"
source = { registry = "https://pypi.org/simple" }
sdist = { url = "https://files.pythonhosted.org/packages/d8/53/6f443c9a4a8358a93a6792e2acffb9d9d5cb0a5cfd8802644b7b1c9a02e4/colorama-0.4.6.tar.gz", hash = "sha256:08695f5cb7ed6e0531a20572697297273c47b8cae5a63ffc6d6ed5c201be6e44", size = 27697, upload-time = "2022-10-25T02:36:22.414Z" }
wheels = [
    { url = "https://files.pythonhosted.org/packages/d1/d6/3965ed04c63042e047cb6a3e6ed1a63a35087b6a609aa3a15ed8ac56c221/colorama-0.4.6-py2.py3-none-any.whl", hash = "sha256:4f1d9991f5acc0ca119f9d443620b77f9d6b33703e51011c16baf57afb285fc6", size = 25335, upload-time = "2022-10-25T02:36:20.889Z" },
]

[[package]]
name = "html2text"
version = "2025.4.15"
source = { registry = "https://pypi.org/simple" }
sdist = { url = "https://files.pythonhosted.org/packages/f8/27/e158d86ba1e82967cc2f790b0cb02030d4a8bef58e0c79a8590e9678107f/html2text-2025.4.15.tar.gz", hash = "sha256:948a645f8f0bc3abe7fd587019a2197a12436cd73d0d4908af95bfc8da337588", size = 64316, upload-time = "2025-04-15T04:02:30.045Z" }
wheels = [
    { url = "https://files.pythonhosted.org/packages/1d/84/1a0f9555fd5f2b1c924ff932d99b40a0f8a6b12f6dd625e2a47f415b00ea/html2text-2025.4.15-py3-none-any.whl", hash = "sha256:00569167ffdab3d7767a4cdf589b7f57e777a5ed28d12907d8c58769ec734acc", size = 34656, upload-time = "2025-04-15T04:02:28.44Z" },
]

[[package]]
name = "iniconfig"
version = "2.3.0"
source = { registry = "https://pypi.org/simple" }
sdist = { url = "https://files.pythonhosted.org/packages/72/34/14ca021ce8e5dfedc35312d08ba8bf51fdd999c576889fc2c24cb97f4f10/iniconfig-2.3.0.tar.gz", hash = "sha256:c76315c77db068650d49c5b56314774a7804df16fee4402c1f19d6d15d8c4730", size = 20503, upload-time = "2025-10-18T21:55:43.219Z" }
wheels = [
    { url = "https://files.pythonhosted.org/packages/cb/b1/3846dd7f199d53cb17f49cba7e651e9ce294d8497c8c150530ed11865bb8/iniconfig-2.3.0-py3-none-any.whl", hash = "sha256:f631c04d2c48c52b84d0d0549c99ff3859c98df65b3101406327ecc7d53fbf12", size = 7484, upload-time = "2025-10-18T21:55:41.639Z" },
]

[[package]]
name = "packaging"
version = "26.2"
source = { registry = "https://pypi.org/simple" }
sdist = { url = "https://files.pythonhosted.org/packages/d7/f1/e7a6dd94a8d4a5626c03e4e99c87f241ba9e350cd9e6d75123f992427270/packaging-26.2.tar.gz", hash = "sha256:ff452ff5a3e828ce110190feff1178bb1f2ea2281fa2075aadb987c2fb221661", size = 228134, upload-time = "2026-04-24T20:15:23.917Z" }
wheels = [
    { url = "https://files.pythonhosted.org/packages/df/b2/87e62e8c3e2f4b32e5fe99e0b86d576da1312593b39f47d8ceef365e95ed/packaging-26.2-py3-none-any.whl", hash = "sha256:5fc45236b9446107ff2415ce77c807cee2862cb6fac22b8a73826d0693b0980e", size = 100195, upload-time = "2026-04-24T20:15:22.081Z" },
]

[[package]]
name = "pluggy"
version = "1.6.0"
source = { registry = "https://pypi.org/simple" }
sdist = { url = "https://files.pythonhosted.org/packages/f9/e2/3e91f31a7d2b083fe6ef3fa267035b518369d9511ffab804f839851d2779/pluggy-1.6.0.tar.gz", hash = "sha256:7dcc130b76258d33b90f61b658791dede3486c3e6bfb003ee5c9bfb396dd22f3", size = 69412, upload-time = "2025-05-15T12:30:07.975Z" }
wheels = [
    { url = "https://files.pythonhosted.org/packages/54/20/4d324d65cc6d9205fabedc306948156824eb9f0ee1633355a8f7ec5c66bf/pluggy-1.6.0-py3-none-any.whl", hash = "sha256:e920276dd6813095e9377c0bc5566d94c932c33b27a3e3945d8389c374dd4746", size = 20538, upload-time = "2025-05-15T12:30:06.134Z" },
]

[[package]]
name = "primp"
version = "1.2.3"
source = { registry = "https://pypi.org/simple" }
sdist = { url = "https://files.pythonhosted.org/packages/ee/ca/383bdf0df3dc87b60bf73c55da526ac743d42c5155a84a9014775b895e96/primp-1.2.3.tar.gz", hash = "sha256:a531b01f57cb59e3e7a3a2b526bb151b61dc7b2e15d2f6961615a553632e2889", size = 1342866, upload-time = "2026-04-20T08:34:09.018Z" }
wheels = [
    { url = "https://files.pythonhosted.org/packages/b6/b1/05bb7e00bd17a439aae7ed49b0c0834508e3ce50624dfa43c6dcb8b71bd0/primp-1.2.3-cp310-abi3-macosx_10_12_x86_64.whl", hash = "sha256:e96d6ab40fba41039947dad0fcc42b0b56b67180883e526715720bb2d90f3bfc", size = 4360352, upload-time = "2026-04-20T08:33:52.785Z" },
    { url = "https://files.pythonhosted.org/packages/7e/db/8bb1e4b6bb715f606b53793831e7910aebeb40169e439138e9124686820a/primp-1.2.3-cp310-abi3-macosx_11_0_arm64.whl", hash = "sha256:42f28679916ce080e643e7464786abeb659c8062c0f74bb411918c7f07e5b806", size = 4035926, upload-time = "2026-04-20T08:34:06.348Z" },
    { url = "https://files.pythonhosted.org/packages/45/91/52b5e6d840be4d5a8f689d9ba82dd616c67e29e3e1d13baf6a4c9be3f4b3/primp-1.2.3-cp310-abi3-manylinux_2_17_aarch64.manylinux2014_aarch64.whl", hash = "sha256:643d47cf24962331ad2b049d6bb4329dce6b18a0914490dbf09541cb38596d39", size = 4309649, upload-time = "2026-04-20T08:34:01.369Z" },
    { url = "https://files.pythonhosted.org/packages/40/85/d98e20104429bb8393939396c2317ec6163a83d856b1fe555bf5f021e97a/primp-1.2.3-cp310-abi3-manylinux_2_17_armv7l.manylinux2014_armv7l.whl", hash = "sha256:898a12b44af9aed20c10fd4b497314731e9f6dcab20f4aa64cf118f79df17fa0", size = 3910331, upload-time = "2026-04-20T08:33:37.294Z" },
    { url = "https://files.pythonhosted.org/packages/8e/c7/53f11e2e2fe758830f6f208cef5bd3d0ecc6f538c0a2ca8e15a1fa502bd1/primp-1.2.3-cp310-abi3-manylinux_2_17_i686.manylinux2014_i686.whl", hash = "sha256:d4bdf2b164c2908f7bdc845215dd21ebded1f2f43e9e9ae2d9a961ea56e5cb87", size = 4152054, upload-time = "2026-04-20T08:33:56.193Z" },
    { url = "https://files.pythonhosted.org/packages/0c/5a/48e8f985daeeb58c7f1789bb6748d9aba250ea3541d787bcbcb1243abfd3/primp-1.2.3-cp310-abi3-manylinux_2_17_ppc64le.manylinux2014_ppc64le.whl", hash = "sha256:036884d4c6c866c93a88e591e49f67ed160f6a9d98c779fc652cce63de62996a", size = 4443286, upload-time = "2026-04-20T08:34:07.782Z" },
    { url = "https://files.pythonhosted.org/packages/5e/81/42b32337bd8c7b7b8184a1fcd79fd51d4773427553a8d2036eb0a93a137d/primp-1.2.3-cp310-abi3-manylinux_2_17_s390x.manylinux2014_s390x.whl", hash = "sha256:bfc695c20f5c6e345abc3262bef3c246a571986db5cea73bdc41db6b166066c8", size = 4323757, upload-time = "2026-04-20T08:33:43.807Z" },
    { url = "https://files.pythonhosted.org/packages/37/43/9ee78c283cbca7fcd635c2a9bb5633aa6568b1925958017e1a979fffe56c/primp-1.2.3-cp310-abi3-manylinux_2_17_x86_64.manylinux2014_x86_64.whl", hash = "sha256:13255b0826c60681478c787fbe29cfc773caf6242390fee047dac0f23f6e8c11", size = 4525772, upload-time = "2026-04-20T08:33:45.427Z" },
    { url = "https://files.pythonhosted.org/packages/c5/41/f10164485d84145a1ea18c7966d1ee098d1790b2088b7f122570463b7d5c/primp-1.2.3-cp310-abi3-musllinux_1_2_aarch64.whl", hash = "sha256:9bc40f94c8e58444befaf7e78b8aadd96e94e32789dadbe4a03785db772aa4dc", size = 4471705, upload-time = "2026-04-20T08:33:54.317Z" },
    { url = "https://files.pythonhosted.org/packages/18/a2/5328d66dd8f63bacfc9ef0e1e5fde66b2bb43103108fe8f01dcb2d2f0e50/primp-1.2.3-cp310-abi3-musllinux_1_2_armv7l.whl", hash = "sha256:2e0e8e245113ab3c9fd4b36014b3a04869cf08f72e8e7f36c4f5ef46d26da090", size = 4148309, upload-time = "2026-04-20T08:33:31.609Z" },
    { url = "https://files.pythonhosted.org/packages/c9/86/4d000d3ee341e5f1e73d81fb2c84e985f23b343a1aa4234c40987ec6eae7/primp-1.2.3-cp310-abi3-musllinux_1_2_i686.whl", hash = "sha256:3bb50934b5e209e7da4876d3419ebc23d1425fe6f089c0cd95382d21bd8a39bd", size = 4276881, upload-time = "2026-04-20T08:33:34.414Z" },
    { url = "https://files.pythonhosted.org/packages/22/f5/50acc3e349d22044abf4ed7c2abaaba11a01b9ccb6a7d66a3fbc2275c590/primp-1.2.3-cp310-abi3-musllinux_1_2_x86_64.whl", hash = "sha256:b293f13078afee9d41b74c77d05a5eaeb57dfab5110648dd24bc3fb3c750a05c", size = 4775229, upload-time = "2026-04-20T08:34:10.241Z" },
    { url = "https://files.pythonhosted.org/packages/3a/d6/2c482973211666fdf2c4365babf343a88ea30f753ef650121cebd4ad7ece/primp-1.2.3-cp310-abi3-win32.whl", hash = "sha256:c600dd83e9c978bf494aab072cd5bbfdd59b131f3afc353850c53373a86992e5", size = 3504032, upload-time = "2026-04-20T08:33:28.344Z" },
    { url = "https://files.pythonhosted.org/packages/70/89/3d2032a8f5e986fcc03bc86ac98705ce2bd35ed0e182d4949c159214da6a/primp-1.2.3-cp310-abi3-win_amd64.whl", hash = "sha256:3cbbe52a6eb51a4831d3dd35055f13b28ff5b9be2487c14ffe66922bf8028b49", size = 3872596, upload-time = "2026-04-20T08:33:46.927Z" },
    { url = "https://files.pythonhosted.org/packages/79/00/f726d54ff00213641069a66ee2fadf17f01f77a2f1ba92de229830056419/primp-1.2.3-cp310-abi3-win_arm64.whl", hash = "sha256:03c668481b2cf34552880f4b6ebabfa913fdaeb2921ce982e42c428f451b630c", size = 3875239, upload-time = "2026-04-20T08:33:32.981Z" },
    { url = "https://files.pythonhosted.org/packages/5c/e6/1fe1bcaf7566d7e6c9b39748f0d6ded857c80cf3252acf6aa3c6b7b8dbb0/primp-1.2.3-cp314-cp314t-macosx_10_12_x86_64.whl", hash = "sha256:0148fd5c0502bb88a26217b606ebb254de44a666dac52657ff97f727577bc7ce", size = 4348055, upload-time = "2026-04-20T08:33:48.193Z" },
    { url = "https://files.pythonhosted.org/packages/c0/46/cae79466969a31d885409ce716eb5a4af66f66d1121e63ee3ddd7d666b9e/primp-1.2.3-cp314-cp314t-macosx_11_0_arm64.whl", hash = "sha256:13bfc39172a083cc5520d9045a99988d7f8502458be139d6b1926de4d57e30e9", size = 4034114, upload-time = "2026-04-20T08:33:26.888Z" },
    { url = "https://files.pythonhosted.org/packages/f5/c3/e8b24ff42ef6bf71f8b4277fd6d83a139d9b9ad14b0ffb4c76a8e9225a15/primp-1.2.3-cp314-cp314t-manylinux_2_17_aarch64.manylinux2014_aarch64.whl", hash = "sha256:283e751671e78cbac9f1ff72e89225d74bcd9ea08886910160f485cd78a55f2b", size = 4303794, upload-time = "2026-04-20T08:34:04.947Z" },
    { url = "https://files.pythonhosted.org/packages/72/b4/9c59197fee68abdc53683b65b6b0e5ea6e0f098cc2527af29edd05b22ed4/primp-1.2.3-cp314-cp314t-manylinux_2_17_armv7l.manylinux2014_armv7l.whl", hash = "sha256:ec5d94244f24c61b350791112c1687c97d144f400a7ea5d8476dbd2fad6de9af", size = 3908577, upload-time = "2026-04-20T08:33:59.567Z" },
    { url = "https://files.pythonhosted.org/packages/71/b2/25c7cfcfe33f2fa82ab8cc72f4082fc12c8f803ceb2624c787fa72c73e12/primp-1.2.3-cp314-cp314t-manylinux_2_17_i686.manylinux2014_i686.whl", hash = "sha256:48d459dda86bfddce3a14b514694e0c8028f20cc461dd52e105aba400c622513", size = 4153501, upload-time = "2026-04-20T08:34:03.22Z" },
    { url = "https://files.pythonhosted.org/packages/04/9b/83e61b32b9049478f63c1956ff3244619691c3edf6e96b19254047756b36/primp-1.2.3-cp314-cp314t-manylinux_2_17_ppc64le.manylinux2014_ppc64le.whl", hash = "sha256:d0d8441f07c948a54ff21bfc4094cd2967b5fb6f8a9ef0c9562a1eb35da0127e", size = 4440289, upload-time = "2026-04-20T08:33:24.734Z" },
    { url = "https://files.pythonhosted.org/packages/d2/3f/48c351f601f204c52d5a477d7a19efcd8b7deb6478c57195fbe8bf9c3632/primp-1.2.3-cp314-cp314t-manylinux_2_17_s390x.manylinux2014_s390x.whl", hash = "sha256:728b6f63552f1bc729e0490ee69a3a9fbd39698c1578b0e6313f3779de469a8c", size = 4306848, upload-time = "2026-04-20T08:33:40.482Z" },
    { url = "https://files.pythonhosted.org/packages/ee/9a/683b2fbb8c2df3b3d2b351e86eec0a873479b95bb804e5d882939057366b/primp-1.2.3-cp314-cp314t-manylinux_2_17_x86_64.manylinux2014_x86_64.whl", hash = "sha256:9952509dcd8aa8750f4cdfc86b24cdcec96f9342a6525003bc3446ba466d5512", size = 4521679, upload-time = "2026-04-20T08:33:38.699Z" },
    { url = "https://files.pythonhosted.org/packages/80/eb/bbbbc79cf4132f2beeb0a0f99f41837dd66c158d0439f59df75a2d592d0a/primp-1.2.3-cp314-cp314t-musllinux_1_2_aarch64.whl", hash = "sha256:e74a6aa83aa65d02665ad5d0e53d7877ea8abce6f3d50ed92495f9c4c9d10e2e", size = 4469041, upload-time = "2026-04-20T08:33:51.161Z" },
    { url = "https://files.pythonhosted.org/packages/f7/5c/208fe1c6e9d3a28c6eae530378ac9c60fe8ae389f68a4707ef7986d5b133/primp-1.2.3-cp314-cp314t-musllinux_1_2_armv7l.whl", hash = "sha256:1dfc4dd5bf7e4f9a45f9c7ae1256f957cc7ca8d5344f82d335129a13e1d7ffea", size = 4144925, upload-time = "2026-04-20T08:33:35.94Z" },
    { url = "https://files.pythonhosted.org/packages/da/06/ce175b54edecf22b750da67bc095bea53f2d87d191c4461b30122c7ddd1e/primp-1.2.3-cp314-cp314t-musllinux_1_2_i686.whl", hash = "sha256:97c37df6fc7eb989f324b326e0547b23757a82f9d8b334075d4b0bd29e310723", size = 4276929, upload-time = "2026-04-20T08:33:49.521Z" },
    { url = "https://files.pythonhosted.org/packages/2e/12/a913ab53ad61fe51d44ef0f8fee6b63a897d2b9c8a4b43299d7f5decc003/primp-1.2.3-cp314-cp314t-musllinux_1_2_x86_64.whl", hash = "sha256:ead9c8b660fa0ebb193317b85d61dd1bd840a3e97e882b33b896dc9e37ed6d63", size = 4772684, upload-time = "2026-04-20T08:33:42.456Z" },
    { url = "https://files.pythonhosted.org/packages/7c/2f/2c3aafb2814703979bf5a216575f4478bcf6070bc6ec143056cf3b56c134/primp-1.2.3-cp314-cp314t-win32.whl", hash = "sha256:cb52db4d54105097773c0df4e2ef0ce7b42461d9d4d3ec28a0622ca2d22945bb", size = 3499126, upload-time = "2026-04-20T08:33:29.953Z" },
    { url = "https://files.pythonhosted.org/packages/54/f0/bad9c739a35f4cf69e2f39c01f664c9a5969e753c4cfcdc33e113cc984af/primp-1.2.3-cp314-cp314t-win_amd64.whl", hash = "sha256:d85a44585df27038e18298f7e35335c4961926e7401edd1a1bf4f7f967b3f107", size = 3870129, upload-time = "2026-04-20T08:34:11.666Z" },
    { url = "https://files.pythonhosted.org/packages/67/78/882563dc554c5f710b4e47c58978586c2528703435800a7a84e81b339d90/primp-1.2.3-cp314-cp314t-win_arm64.whl", hash = "sha256:6513dcb55e6b511c1ae383a3a0e887929b09d8d6b2c70e2b188b425c51471a02", size = 3874087, upload-time = "2026-04-20T08:33:58.109Z" },
]

[[package]]
name = "pygments"
version = "2.20.0"
source = { registry = "https://pypi.org/simple" }
sdist = { url = "https://files.pythonhosted.org/packages/c3/b2/bc9c9196916376152d655522fdcebac55e66de6603a76a02bca1b6414f6c/pygments-2.20.0.tar.gz", hash = "sha256:6757cd03768053ff99f3039c1a36d6c0aa0b263438fcab17520b30a303a82b5f", size = 4955991, upload-time = "2026-03-29T13:29:33.898Z" }
wheels = [
    { url = "https://files.pythonhosted.org/packages/f4/7e/a72dd26f3b0f4f2bf1dd8923c85f7ceb43172af56d63c7383eb62b332364/pygments-2.20.0-py3-none-any.whl", hash = "sha256:81a9e26dd42fd28a23a2d169d86d7ac03b46e2f8b59ed4698fb4785f946d0176", size = 1231151, upload-time = "2026-03-29T13:29:30.038Z" },
]

[[package]]
name = "pytest"
version = "9.0.3"
source = { registry = "https://pypi.org/simple" }
dependencies = [
    { name = "colorama", marker = "sys_platform == 'win32'" },
    { name = "iniconfig" },
    { name = "packaging" },
    { name = "pluggy" },
    { name = "pygments" },
]
sdist = { url = "https://files.pythonhosted.org/packages/7d/0d/549bd94f1a0a402dc8cf64563a117c0f3765662e2e668477624baeec44d5/pytest-9.0.3.tar.gz", hash = "sha256:b86ada508af81d19edeb213c681b1d48246c1a91d304c6c81a427674c17eb91c", size = 1572165, upload-time = "2026-04-07T17:16:18.027Z" }
wheels = [
    { url = "https://files.pythonhosted.org/packages/d4/24/a372aaf5c9b7208e7112038812994107bc65a84cd00e0354a88c2c77a617/pytest-9.0.3-py3-none-any.whl", hash = "sha256:2c5efc453d45394fdd706ade797c0a81091eccd1d6e4bccfcd476e2b8e0ab5d9", size = 375249, upload-time = "2026-04-07T17:16:16.13Z" },
]

[[package]]
name = "pytest-mock"
version = "3.15.1"
source = { registry = "https://pypi.org/simple" }
dependencies = [
    { name = "pytest" },
]
sdist = { url = "https://files.pythonhosted.org/packages/68/14/eb014d26be205d38ad5ad20d9a80f7d201472e08167f0bb4361e251084a9/pytest_mock-3.15.1.tar.gz", hash = "sha256:1849a238f6f396da19762269de72cb1814ab44416fa73a8686deac10b0d87a0f", size = 34036, upload-time = "2025-09-16T16:37:27.081Z" }
wheels = [
    { url = "https://files.pythonhosted.org/packages/5a/cc/06253936f4a7fa2e0f48dfe6d851d9c56df896a9ab09ac019d70b760619c/pytest_mock-3.15.1-py3-none-any.whl", hash = "sha256:0a25e2eb88fe5168d535041d09a4529a188176ae608a6d249ee65abc0949630d", size = 10095, upload-time = "2025-09-16T16:37:25.734Z" },
]

[[package]]
name = "quack"
version = "0.1.1"
source = { editable = "." }
dependencies = [
    { name = "html2text" },
    { name = "primp" },
    { name = "selectolax" },
]

[package.optional-dependencies]
test = [
    { name = "pytest" },
    { name = "pytest-mock" },
]

[package.dev-dependencies]
dev = [
    { name = "pytest" },
    { name = "pytest-mock" },
    { name = "ruff" },
]

[package.metadata]
requires-dist = [
    { name = "html2text", specifier = ">=2025.4.15" },
    { name = "primp", specifier = ">=1.1.3" },
    { name = "pytest", marker = "extra == 'test'", specifier = ">=8.0.0" },
    { name = "pytest-mock", marker = "extra == 'test'", specifier = ">=3.14.0" },
    { name = "selectolax", specifier = ">=0.4.7" },
]
provides-extras = ["test"]

[package.metadata.requires-dev]
dev = [
    { name = "pytest", specifier = ">=9.0.2" },
    { name = "pytest-mock", specifier = ">=3.15.1" },
    { name = "ruff", specifier = ">=0.15.12" },
]

[[package]]
name = "ruff"
version = "0.15.12"
source = { registry = "https://pypi.org/simple" }
sdist = { url = "https://files.pythonhosted.org/packages/99/43/3291f1cc9106f4c63bdce7a8d0df5047fe8422a75b091c16b5e9355e0b11/ruff-0.15.12.tar.gz", hash = "sha256:ecea26adb26b4232c0c2ca19ccbc0083a68344180bba2a600605538ce51a40a6", size = 4643852, upload-time = "2026-04-24T18:17:14.305Z" }
wheels = [
    { url = "https://files.pythonhosted.org/packages/c3/6e/e78ffb61d4686f3d96ba3df2c801161843746dcbcbb17a1e927d4829312b/ruff-0.15.12-py3-none-linux_armv6l.whl", hash = "sha256:f86f176e188e94d6bdbc09f09bfd9dc729059ad93d0e7390b5a73efe19f8861c", size = 10640713, upload-time = "2026-04-24T18:17:22.841Z" },
    { url = "https://files.pythonhosted.org/packages/ae/08/a317bc231fb9e7b93e4ef3089501e51922ff88d6936ce5cf870c4fe55419/ruff-0.15.12-py3-none-macosx_10_12_x86_64.whl", hash = "sha256:e3bcd123364c3770b8e1b7baaf343cc99a35f197c5c6e8af79015c666c423a6c", size = 11069267, upload-time = "2026-04-24T18:17:30.105Z" },
    { url = "https://files.pythonhosted.org/packages/aa/a4/f828e9718d3dce1f5f11c39c4f65afd32783c8b2aebb2e3d259e492c47bd/ruff-0.15.12-py3-none-macosx_11_0_arm64.whl", hash = "sha256:fe87510d000220aa1ed530d4448a7c696a0cae1213e5ec30e5874287b66557b5", size = 10397182, upload-time = "2026-04-24T18:17:07.177Z" },
    { url = "https://files.pythonhosted.org/packages/71/e0/3310fc6d1b5e1fdea22bf3b1b807c7e187b581021b0d7d4514cccdb5fb71/ruff-0.15.12-py3-none-manylinux_2_17_aarch64.manylinux2014_aarch64.whl", hash = "sha256:84a1630093121375a3e2a95b4a6dc7b59e2b4ee76216e32d81aae550a832d002", size = 10758012, upload-time = "2026-04-24T18:16:55.759Z" },
    { url = "https://files.pythonhosted.org/packages/11/c1/a606911aee04c324ddaa883ae418f3569792fd3c4a10c50e0dd0a2311e1e/ruff-0.15.12-py3-none-manylinux_2_17_armv7l.manylinux2014_armv7l.whl", hash = "sha256:fb129f40f114f089ebe0ca56c0d251cf2061b17651d464bb6478dc01e69f11f5", size = 10447479, upload-time = "2026-04-24T18:16:51.677Z" },
    { url = "https://files.pythonhosted.org/packages/9d/68/4201e8444f0894f21ab4aeeaee68aa4f10b51613514a20d80bd628d57e88/ruff-0.15.12-py3-none-manylinux_2_17_i686.manylinux2014_i686.whl", hash = "sha256:b0c862b172d695db7598426b8af465e7e9ac00a3ea2a3630ee67eb82e366aaa6", size = 11234040, upload-time = "2026-04-24T18:17:16.529Z" },
    { url = "https://files.pythonhosted.org/packages/34/ff/8a6d6cf4ccc23fd67060874e832c18919d1557a0611ebef03fdb01fff11e/ruff-0.15.12-py3-none-manylinux_2_17_ppc64le.manylinux2014_ppc64le.whl", hash = "sha256:2849ea9f3484c3aca43a82f484210370319e7170df4dfe4843395ddf6c57bc33", size = 12087377, upload-time = "2026-04-24T18:17:04.944Z" },
    { url = "https://files.pythonhosted.org/packages/85/f6/c669cf73f5152f623d34e69866a46d5e6185816b19fcd5b6dd8a2d299922/ruff-0.15.12-py3-none-manylinux_2_17_s390x.manylinux2014_s390x.whl", hash = "sha256:9e77c7e51c07fe396826d5969a5b846d9cd4c402535835fb6e21ce8b28fef847", size = 11367784, upload-time = "2026-04-24T18:17:25.409Z" },
    { url = "https://files.pythonhosted.org/packages/e8/39/c61d193b8a1daaa8977f7dea9e8d8ba866e02ea7b65d32f6861693aa4c12/ruff-0.15.12-py3-none-manylinux_2_17_x86_64.manylinux2014_x86_64.whl", hash = "sha256:83b2f4f2f3b1026b5fb449b467d9264bf22067b600f7b6f41fc5958909f449d0", size = 11344088, upload-time = "2026-04-24T18:17:12.258Z" },
    { url = "https://files.pythonhosted.org/packages/c2/8d/49afab3645e31e12c590acb6d3b5b69d7aab5b81926dbaf7461f9441f37a/ruff-0.15.12-py3-none-manylinux_2_31_riscv64.whl", hash = "sha256:9ba3b8f1afd7e2e43d8943e55f249e13f9682fde09711644a6e7290eb4f3e339", size = 11271770, upload-time = "2026-04-24T18:17:02.457Z" },
    { url = "https://files.pythonhosted.org/packages/46/06/33f41fe94403e2b755481cdfb9b7ef3e4e0ed031c4581124658d935d52b4/ruff-0.15.12-py3-none-musllinux_1_2_aarch64.whl", hash = "sha256:e852ba9fdc890655e1d78f2df1499efbe0e54126bd405362154a75e2bde159c5", size = 10719355, upload-time = "2026-04-24T18:17:27.648Z" },
    { url = "https://files.pythonhosted.org/packages/0d/59/18aa4e014debbf559670e4048e39260a85c7fcee84acfd761ac01e7b8d35/ruff-0.15.12-py3-none-musllinux_1_2_armv7l.whl", hash = "sha256:dd8aed930da53780d22fc70bdf84452c843cf64f8cb4eb38984319c24c5cd5fd", size = 10462758, upload-time = "2026-04-24T18:17:32.347Z" },
    { url = "https://files.pythonhosted.org/packages/25/e7/cc9f16fd0f3b5fddcbd7ec3d6ae30c8f3fde1047f32a4093a98d633c6570/ruff-0.15.12-py3-none-musllinux_1_2_i686.whl", hash = "sha256:01da3988d225628b709493d7dc67c3b9b12c0210016b08690ef9bd27970b262b", size = 10953498, upload-time = "2026-04-24T18:17:20.674Z" },
    { url = "https://files.pythonhosted.org/packages/72/7a/a9ba7f98c7a575978698f4230c5e8cc54bbc761af34f560818f933dafa0c/ruff-0.15.12-py3-none-musllinux_1_2_x86_64.whl", hash = "sha256:9cae0f92bd5700d1213188b31cd3bdd2b315361296d10b96b8e2337d3d11f53e", size = 11447765, upload-time = "2026-04-24T18:17:09.755Z" },
    { url = "https://files.pythonhosted.org/packages/ea/f9/0ae446942c846b8266059ad8a30702a35afae55f5cdc54c5adf8d7afdc27/ruff-0.15.12-py3-none-win32.whl", hash = "sha256:d0185894e038d7043ba8fd6aee7499ece6462dc0ea9f1e260c7451807c714c20", size = 10657277, upload-time = "2026-04-24T18:17:18.591Z" },
    { url = "https://files.pythonhosted.org/packages/33/f1/9614e03e1cdcbf9437570b5400ced8a720b5db22b28d8e0f1bda429f660d/ruff-0.15.12-py3-none-win_amd64.whl", hash = "sha256:c87a162d61ab3adca47c03f7f717c68672edec7d1b5499e652331780fe74950d", size = 11837758, upload-time = "2026-04-24T18:17:00.113Z" },
    { url = "https://files.pythonhosted.org/packages/c0/98/6beb4b351e472e5f4c4613f7c35a5290b8be2497e183825310c4c3a3984b/ruff-0.15.12-py3-none-win_arm64.whl", hash = "sha256:a538f7a82d061cee7be55542aca1d86d1393d55d81d4fcc314370f4340930d4f", size = 11120821, upload-time = "2026-04-24T18:16:57.979Z" },
]

[[package]]
name = "selectolax"
version = "0.4.7"
source = { registry = "https://pypi.org/simple" }
sdist = { url = "https://files.pythonhosted.org/packages/3b/5c/bf049c4aec4c102977abcac68a90dfb1031edc225e9a754fe2c7e624a2d2/selectolax-0.4.7.tar.gz", hash = "sha256:17f7ba5a21714d450b4eea0451608a36be2bba8d327990ddbda812eb3f36fa51", size = 4822635, upload-time = "2026-03-06T09:25:15.411Z" }
wheels = [
    { url = "https://files.pythonhosted.org/packages/35/5a/76f9ee49b4bbb27ebe2d3b26ad84b6887f41d181dd8682278ccea50ed75f/selectolax-0.4.7-cp314-cp314-macosx_10_13_x86_64.whl", hash = "sha256:9f29ad4506fe84152391998ae5b05aaae80d237795567009a518496d0daf4908", size = 2078520, upload-time = "2026-03-06T09:24:33.283Z" },
    { url = "https://files.pythonhosted.org/packages/d6/7d/bcc37be0537802f8d94e61d30f4d36130afa2ae2fa59758b534e4bbe80e7/selectolax-0.4.7-cp314-cp314-macosx_11_0_arm64.whl", hash = "sha256:2f19bb52c27f526d89383ec178daa31fcb93dbec90106bfb3e2d43c2970f3b72", size = 2076219, upload-time = "2026-03-06T09:24:34.802Z" },
    { url = "https://files.pythonhosted.org/packages/1a/4c/544385da484f6a3b8ba70ea4ad15a121adb0cf2b55b74f2560b8e01f44cc/selectolax-0.4.7-cp314-cp314-manylinux2014_aarch64.manylinux_2_17_aarch64.manylinux_2_28_aarch64.whl", hash = "sha256:5a6735711f492532a83df6d501e8647feea48d893e703f0354e61ba868757f9b", size = 2255094, upload-time = "2026-03-06T09:24:36.708Z" },
    { url = "https://files.pythonhosted.org/packages/f7/e7/bbb13633f4378dbc390c874be4321fd4d09388a44b66f1c26625730030ba/selectolax-0.4.7-cp314-cp314-manylinux2014_x86_64.manylinux_2_17_x86_64.manylinux_2_28_x86_64.whl", hash = "sha256:ea46dbb3592ec0aa78662ecdcac8c083313dafbc6bd8277620b8301db658d638", size = 2289342, upload-time = "2026-03-06T09:24:38.429Z" },
    { url = "https://files.pythonhosted.org/packages/77/1b/c1fc7711ad8b1c3b60a987fa258d47cb93a8b3b9f21ca8a6aa24e5e7705c/selectolax-0.4.7-cp314-cp314-musllinux_1_2_aarch64.whl", hash = "sha256:a4782cc1e162ca422a325302cdad344cd853cfde19004b870e5b6c3df651abab", size = 2285919, upload-time = "2026-03-06T09:24:39.927Z" },
    { url = "https://files.pythonhosted.org/packages/fa/51/d5f8bc697c84bdae90c6d5fd038662d3509879c28f2076ef70fdbd0ab61a/selectolax-0.4.7-cp314-cp314-musllinux_1_2_x86_64.whl", hash = "sha256:8e7f847b38195c45f6f6c966df5d8600ab9d522df632d61b28db2edd92deeb3c", size = 2313967, upload-time = "2026-03-06T09:24:41.627Z" },
    { url = "https://files.pythonhosted.org/packages/d9/01/277d3c3fa5d3c669bf8d20bd12fcde50258408dc4bd9e3f8c5fc2d28fcd6/selectolax-0.4.7-cp314-cp314-win32.whl", hash = "sha256:eaf2e15076fa7e2e5fe7c3b5a88e54b14bbd49a53da983534f6cb448f3f0e300", size = 1846621, upload-time = "2026-03-06T09:24:43.074Z" },
    { url = "https://files.pythonhosted.org/packages/52/c6/5b4ae2b211161b597cc6bc02e517616d045a859dbfa98b2c0dd372614bf9/selectolax-0.4.7-cp314-cp314-win_amd64.whl", hash = "sha256:87bd651514491b9bdd8254e71295e43b790575021b87ebc2351ed6a2aeaa9313", size = 1943489, upload-time = "2026-03-06T09:24:45.049Z" },
    { url = "https://files.pythonhosted.org/packages/4a/c6/ab1544bbc731e653dd59dcb4f497fccbede8c84af3783c4f340ef1d6b606/selectolax-0.4.7-cp314-cp314-win_arm64.whl", hash = "sha256:771710fe52b082804d959944e3e0fe67f094ea1bf81669b4f654b957a7490d95", size = 1896489, upload-time = "2026-03-06T09:24:46.496Z" },
    { url = "https://files.pythonhosted.org/packages/83/77/59593bfd132f6af138720c09cae3f0969d3f5366e3457c5309ab9c020d92/selectolax-0.4.7-cp314-cp314t-macosx_10_13_x86_64.whl", hash = "sha256:8edbec5ad8a51cb60e6761231d88d34ed3a8158db3ae1f448aede2d146111d0f", size = 2098945, upload-time = "2026-03-06T09:24:47.935Z" },
    { url = "https://files.pythonhosted.org/packages/7d/74/90d0718b9f7898aa422ae5f9969fb43b3c5abc543cfd4eb64987aa052fe4/selectolax-0.4.7-cp314-cp314t-macosx_11_0_arm64.whl", hash = "sha256:2c275e5e5579e308a09ae77922c468a8ca63666534d00a42ebfd912f3c842a2e", size = 2098041, upload-time = "2026-03-06T09:24:49.377Z" },
    { url = "https://files.pythonhosted.org/packages/f9/bc/bbe7c98a3eb4b83e164c56a3245a272427b2d03672a18456bd96325a1929/selectolax-0.4.7-cp314-cp314t-manylinux2014_aarch64.manylinux_2_17_aarch64.manylinux_2_28_aarch64.whl", hash = "sha256:d9591ec48af16003a79db89f070688fe0fb68d2c16ac6b479b0ee8b78eb4e486", size = 2263047, upload-time = "2026-03-06T09:24:50.743Z" },
    { url = "https://files.pythonhosted.org/packages/de/0e/5929821c7f7a9c9a753feef59433ba16a0ca8e5f8f7ac0efa2dea6a84edf/selectolax-0.4.7-cp314-cp314t-manylinux2014_x86_64.manylinux_2_17_x86_64.manylinux_2_28_x86_64.whl", hash = "sha256:fc504cad873bc4e95fca9141008ccf0d5e44350dfe450b71ccee86bd0b7b0572", size = 2290751, upload-time = "2026-03-06T09:24:52.088Z" },
    { url = "https://files.pythonhosted.org/packages/34/30/3426668e83dcaf7f8fac3117140119556436e8de00de4ebbfde5bbf56d45/selectolax-0.4.7-cp314-cp314t-musllinux_1_2_aarch64.whl", hash = "sha256:64de787422ad342b35fef86e488d8b76d70fc3266cb74dfc154d4a89291c62b1", size = 2297728, upload-time = "2026-03-06T09:24:53.494Z" },
    { url = "https://files.pythonhosted.org/packages/48/a7/a1937960cf98bf3cdc32963fb3ed30ee6364cf8e4c458bba21ca8cf98308/selectolax-0.4.7-cp314-cp314t-musllinux_1_2_x86_64.whl", hash = "sha256:eb2757147ba48c2ac75ad79ad47e4b4d9e7ddb08ac614b90347cdff6b98c860b", size = 2315531, upload-time = "2026-03-06T09:24:54.929Z" },
    { url = "https://files.pythonhosted.org/packages/8a/64/1f699580093cc0582c07124137bdb78162086d7ef822dabbad2a2b051793/selectolax-0.4.7-cp314-cp314t-win32.whl", hash = "sha256:da9afa778ebce19c48de1e6fe5ff5bf7c719cd7f9cd14e5d530bd00ec15b149f", size = 1900408, upload-time = "2026-03-06T09:24:56.294Z" },
    { url = "https://files.pythonhosted.org/packages/26/df/1035432c42eb76feaf696b7318411be908dab01b5b2907566c820d390fdb/selectolax-0.4.7-cp314-cp314t-win_amd64.whl", hash = "sha256:ad71d3b31ceb49820787d19d983e2851835ad03bbfd302c6e243a97215e36557", size = 2011199, upload-time = "2026-03-06T09:24:57.736Z" },
    { url = "https://files.pythonhosted.org/packages/61/99/d4de702bdd436e108891df2105adb7c6f44a11833a88c08686b18d4a6693/selectolax-0.4.7-cp314-cp314t-win_arm64.whl", hash = "sha256:85e4ada1c4a3a69e503c9866e74bce24e716bd0ada060c7c2b56677d4f073928", size = 1915624, upload-time = "2026-03-06T09:24:59.406Z" },
]
